lockfileVersion: '9.0'

settings:
  autoInstallPeers: true
  excludeLinksFromLockfile: false

importers:

  .:
    dependencies:
      nodemailer:
        specifier: ^8.0.10
        version: 8.0.10

packages:

  nodemailer@8.0.10:
    resolution: {integrity: sha512-BLFuSth7QtHOkBzyqTehWWyub0NTRDuK2Q2SQfnGLsrJnzyU+Yeh4WpV1eZGuARFj1xQJHIdnTuJZLP+b9R1GQ==}
    engines: {node: '>=6.0.0'}

snapshots:

  nodemailer@8.0.10: {}
